// !$*UTF8*$!
{
	archiveVersion = 1;
	classes = {
	};
	objectVersion = 46;
	objects = {

/* Begin PBXBuildFile section */
		B2EA05091F9E92D4004498DF /* AppDelegate.swift in Sources */ = {isa = PBXBuildFile; fileRef = B2EA05081F9E92D4004498DF /* AppDelegate.swift */; };
		B2EA050B1F9E92D4004498DF /* ViewController.swift in Sources */ = {isa = PBXBuildFile; fileRef = B2EA050A1F9E92D4004498DF /* ViewController.swift */; };
		B2EA050E1F9E92D4004498DF /* Main.storyboard in Resources */ = {isa = PBXBuildFile; fileRef = B2EA050C1F9E92D4004498DF /* Main.storyboard */; };
		B2EA05101F9E92D4004498DF /* Assets.xcassets in Resources */ = {isa = PBXBuildFile; fileRef = B2EA050F1F9E92D4004498DF /* Assets.xcassets */; };
		B2EA05131F9E92D4004498DF /* LaunchScreen.storyboard in Resources */ = {isa = PBXBuildFile; fileRef = B2EA05111F9E92D4004498DF /* LaunchScreen.storyboard */; };
		B2EA051B1F9E94B5004498DF /* jason-wong-307217.jpg in Resources */ = {isa = PBXBuildFile; fileRef = B2EA051A1F9E94B5004498DF /* jason-wong-307217.jpg */; };
/* End PBXBuildFile section */

/* Begin PBXFileReference section */
		B2EA05051F9E92D4004498DF /* What is the Weather.app */ = {isa = PBXFileReference; explicitFileType = wrapper.application; includeInIndex = 0; path = "What is the Weather.app"; sourceTree = BUILT_PRODUCTS_DIR; };
		B2EA05081F9E92D4004498DF /* AppDelegate.swift */ = {isa = PBXFileReference; lastKnownFileType = sourcecode.swift; path = AppDelegate.swift; sourceTree = "<group>"; };
		B2EA050A1F9E92D4004498DF /* ViewController.swift */ = {isa = PBXFileReference; lastKnownFileType = sourcecode.swift; path = ViewController.swift; sourceTree = "<group>"; };
		B2EA050D1F9E92D4004498DF /* Base */ = {isa = PBXFileReference; lastKnownFileType = file.storyboard; name = Base; path = Base.lproj/Main.storyboard; sourceTree = "<group>"; };
		B2EA050F1F9E92D4004498DF /* Assets.xcassets */ = {isa = PBXFileReference; lastKnownFileType = folder.assetcatalog; path = Assets.xcassets; sourceTree = "<group>"; };
		B2EA05121F9E92D4004498DF /* Base */ = {isa = PBXFileReference; lastKnownFileType = file.storyboard; name = Base; path = Base.lproj/LaunchScreen.storyboard; sourceTree = "<group>"; };
		B2EA05141F9E92D4004498DF /* Info.plist */ = {isa = PBXFileReference; lastKnownFileType = text.plist.xml; path = Info.plist; sourceTree = "<group>"; };
		B2EA051A1F9E94B5004498DF /* jason-wong-307217.jpg */ = {isa = PBXFileReference; lastKnownFileType = image.jpeg; path = "jason-wong-307217.jpg"; sourceTree = "<group>"; };
/* End PBXFileReference section */

/* Begin PBXFrameworksBuildPhase section */
		B2EA05021F9E92D3004498DF /* Frameworks */ = {
			isa = PBXFrameworksBuildPhase;
			buildActionMask = 2147483647;
			files = (
			);
			runOnlyForDeploymentPostprocessing = 0;
		};
/* End PBXFrameworksBuildPhase section */

/* Begin PBXGroup section */
		B2EA04FC1F9E92D3004498DF = {
			isa = PBXGroup;
			children = (
				B2EA05071F9E92D4004498DF /* What is the Weather */,
				B2EA05061F9E92D4004498DF /* Products */,
			);
			sourceTree = "<group>";
		};
		B2EA05061F9E92D4004498DF /* Products */ = {
			isa = PBXGroup;
			children = (
				B2EA05051F9E92D4004498DF /* What is the Weather.app */,
			);
			name = Products;
			sourceTree = "<group>";
		};
		B2EA05071F9E92D4004498DF /* What is the Weather */ = {
			isa = PBXGroup;
			children = (
				B2EA05081F9E92D4004498DF /* AppDelegate.swift */,
				B2EA050A1F9E92D4004498DF /* ViewController.swift */,
				B2EA050C1F9E92D4004498DF /* Main.storyboard */,
				B2EA050F1F9E92D4004498DF /* Assets.xcassets */,
				B2EA051A1F9E94B5004498DF /* jason-wong-307217.jpg */,
				B2EA05111F9E92D4004498DF /* LaunchScreen.storyboard */,
				B2EA05141F9E92D4004498DF /* Info.plist */,
			);
			path = "What is the Weather";
			sourceTree = "<group>";
		};
/* End PBXGroup section */

/* Begin PBXNativeTarget section */
		B2EA05041F9E92D3004498DF /* What is the Weather */ = {
			isa = PBXNativeTarget;
			buildConfigurationList = B2EA05171F9E92D4004498DF /* Build configuration list for PBXNativeTarget "What is the Weather" */;
			buildPhases = (
				B2EA05011F9E92D3004498DF /* Sources */,
				B2EA05021F9E92D3004498DF /* Frameworks */,
				B2EA05031F9E92D3004498DF /* Resources */,
			);
			buildRules = (
			);
			dependencies = (
			);
			name = "What is the Weather";
			productName = "What is the Weather";
			productReference = B2EA05051F9E92D4004498DF /* What is the Weather.app */;
			productType = "com.apple.product-type.application";
		};
/* End PBXNativeTarget section */

/* Begin PBXProject section */
		B2EA04FD1F9E92D3004498DF /* Project object */ = {
			isa = PBXProject;
			attributes = {
				LastSwiftUpdateCheck = 0830;
				LastUpgradeCheck = 0830;
				ORGANIZATIONNAME = TripleApps;
				TargetAttributes = {
					B2EA05041F9E92D3004498DF = {
						CreatedOnToolsVersion = 8.3.3;
						ProvisioningStyle = Automatic;
					};
				};
			};
			buildConfigurationList = B2EA05001F9E92D3004498DF /* Build configuration list for PBXProject "What is the Weather" */;
			compatibilityVersion = "Xcode 3.2";
			developmentRegion = English;
			hasScannedForEncodings = 0;
			knownRegions = (
				en,
				Base,
			);
			mainGroup = B2EA04FC1F9E92D3004498DF;
			productRefGroup = B2EA05061F9E92D4004498DF /* Products */;
			projectDirPath = "";
			projectRoot = "";
			targets = (
				B2EA05041F9E92D3004498DF /* What is the Weather */,
			);
		};
/* End PBXProject section */

/* Begin PBXResourcesBuildPhase section */
		B2EA05031F9E92D3004498DF /* Resources */ = {
			isa = PBXResourcesBuildPhase;
			buildActionMask = 2147483647;
			files = (
				B2EA051B1F9E94B5004498DF /* jason-wong-307217.jpg in Resources */,
				B2EA05131F9E92D4004498DF /* LaunchScreen.storyboard in Resources */,
				B2EA05101F9E92D4004498DF /* Assets.xcassets in Resources */,
				B2EA050E1F9E92D4004498DF /* Main.storyboard in Resources */,
			);
			runOnlyForDeploymentPostprocessing = 0;
		};
/* End PBXResourcesBuildPhase section */

/* Begin PBXSourcesBuildPhase section */
		B2EA05011F9E92D3004498DF /* Sources */ = {
			isa = PBXSourcesBuildPhase;
			buildActionMask = 2147483647;
			files = (
				B2EA050B1F9E92D4004498DF /* ViewController.swift in Sources */,
				B2EA05091F9E92D4004498DF /* AppDelegate.swift in Sources */,
			);
			runOnlyForDeploymentPostprocessing = 0;
		};
/* End PBXSourcesBuildPhase section */

/* Begin PBXVariantGroup section */
		B2EA050C1F9E92D4004498DF /* Main.storyboard */ = {
			isa = PBXVariantGroup;
			children = (
				B2EA050D1F9E92D4004498DF /* Base */,
			);
			name = Main.storyboard;
			sourceTree = "<group>";
		};
		B2EA05111F9E92D4004498DF /* LaunchScreen.storyboard */ = {
			isa = PBXVariantGroup;
			children = (
				B2EA05121F9E92D4004498DF /* Base */,
			);
			name = LaunchScreen.storyboard;
			sourceTree = "<group>";
		};
/* End PBXVariantGroup section */

/* Begin XCBuildConfiguration section */
		B2EA05151F9E92D4004498DF /* Debug */ = {
			isa = XCBuildConfiguration;
			buildSettings = {
				ALWAYS_SEARCH_USER_PATHS = NO;
				CLANG_ANALYZER_NONNULL = YES;
				CLANG_ANALYZER_NUMBER_OBJECT_CONVERSION = YES_AGGRESSIVE;
				CLANG_CXX_LANGUAGE_STANDARD = "gnu++0x";
				CLANG_CXX_LIBRARY = "libc++";
				CLANG_ENABLE_MODULES = YES;
				CLANG_ENABLE_OBJC_ARC = YES;
				CLANG_WARN_BOOL_CONVERSION = YES;
				CLANG_WARN_CONSTANT_CONVERSION = YES;
				CLANG_WARN_DIRECT_OBJC_ISA_USAGE = YES_ERROR;
				CLANG_WARN_DOCUMENTATION_COMMENTS = YES;
				CLANG_WARN_EMPTY_BODY = YES;
				CLANG_WARN_ENUM_CONVERSION = YES;
				CLANG_WARN_INFINITE_RECURSION = YES;
				CLANG_WARN_INT_CONVERSION = YES;
				CLANG_WARN_OBJC_ROOT_CLASS = YES_ERROR;
				CLANG_WARN_SUSPICIOUS_MOVE = YES;
				CLANG_WARN_UNREACHABLE_CODE = YES;
				CLANG_WARN__DUPLICATE_METHOD_MATCH = YES;
				"CODE_SIGN_IDENTITY[sdk=iphoneos*]" = "iPhone Developer";
				COPY_PHASE_STRIP = NO;
				DEBUG_INFORMATION_FORMAT = dwarf;
				ENABLE_STRICT_OBJC_MSGSEND = YES;
				ENABLE_TESTABILITY = YES;
				GCC_C_LANGUAGE_STANDARD = gnu99;
				GCC_DYNAMIC_NO_PIC = NO;
				GCC_NO_COMMON_BLOCKS = YES;
				GCC_OPTIMIZATION_LEVEL = 0;
				GCC_PREPROCESSOR_DEFINITIONS = (
					"DEBUG=1",
					"$(inherited)",
				);
				GCC_WARN_64_TO_32_BIT_CONVERSION = YES;
				GCC_WARN_ABOUT_RETURN_TYPE = YES_ERROR;
				GCC_WARN_UNDECLARED_SELECTOR = YES;
				GCC_WARN_UNINITIALIZED_AUTOS = YES_AGGRESSIVE;
				GCC_WARN_UNUSED_FUNCTION = YES;
				GCC_WARN_UNUSED_VARIABLE = YES;
				IPHONEOS_DEPLOYMENT_TARGET = 10.3;
				MTL_ENABLE_DEBUG_INFO = YES;
				ONLY_ACTIVE_ARCH = YES;
				SDKROOT = iphoneos;
				SWIFT_ACTIVE_COMPILATION_CONDITIONS = DEBUG;
				SWIFT_OPTIMIZATION_LEVEL = "-Onone";
			};
			name = Debug;
		};
		B2EA05161F9E92D4004498DF /* Release */ = {
			isa = XCBuildConfiguration;
			buildSettings = {
				ALWAYS_SEARCH_USER_PATHS = NO;
				CLANG_ANALYZER_NONNULL = YES;
				CLANG_ANALYZER_NUMBER_OBJECT_CONVERSION = YES_AGGRESSIVE;
				CLANG_CXX_LANGUAGE_STANDARD = "gnu++0x";
				CLANG_CXX_LIBRARY = "libc++";
				CLANG_ENABLE_MODULES = YES;
				CLANG_ENABLE_OBJC_ARC = YES;
				CLANG_WARN_BOOL_CONVERSION = YES;
				CLANG_WARN_CONSTANT_CONVERSION = YES;
				CLANG_WARN_DIRECT_OBJC_ISA_USAGE = YES_ERROR;
				CLANG_WARN_DOCUMENTATION_COMMENTS = YES;
				CLANG_WARN_EMPTY_BODY = YES;
				CLANG_WARN_ENUM_CONVERSION = YES;
				CLANG_WARN_INFINITE_RECURSION = YES;
				CLANG_WARN_INT_CONVERSION = YES;
				CLANG_WARN_OBJC_ROOT_CLASS = YES_ERROR;
				CLANG_WARN_SUSPICIOUS_MOVE = YES;
				CLANG_WARN_UNREACHABLE_CODE = YES;
				CLANG_WARN__DUPLICATE_METHOD_MATCH = YES;
				"CODE_SIGN_IDENTITY[sdk=iphoneos*]" = "iPhone Developer";
				COPY_PHASE_STRIP = NO;
				DEBUG_INFORMATION_FORMAT = "dwarf-with-dsym";
				ENABLE_NS_ASSERTIONS = NO;
				ENABLE_STRICT_OBJC_MSGSEND = YES;
				GCC_C_LANGUAGE_STANDARD = gnu99;
				GCC_NO_COMMON_BLOCKS = YES;
				GCC_WARN_64_TO_32_BIT_CONVERSION = YES;
				GCC_WARN_ABOUT_RETURN_TYPE = YES_ERROR;
				GCC_WARN_UNDECLARED_SELECTOR = YES;
				GCC_WARN_UNINITIALIZED_AUTOS = YES_AGGRESSIVE;
				GCC_WARN_UNUSED_FUNCTION = YES;
				GCC_WARN_UNUSED_VARIABLE = YES;
				IPHONEOS_DEPLOYMENT_TARGET = 10.3;
				MTL_ENABLE_DEBUG_INFO = NO;
				SDKROOT = iphoneos;
				SWIFT_OPTIMIZATION_LEVEL = "-Owholemodule";
				VALIDATE_PRODUCT = YES;
			};
			name = Release;
		};
		B2EA05181F9E92D4004498DF /* Debug */ = {
			isa = XCBuildConfiguration;
			buildSettings = {
				ASSETCATALOG_COMPILER_APPICON_NAME = AppIcon;
				INFOPLIST_FILE = "What is the Weather/Info.plist";
				LD_RUNPATH_SEARCH_PATHS = "$(inherited) @executable_path/Frameworks";
				PRODUCT_BUNDLE_IDENTIFIER = "com.-tripleapp.What-is-the-Weather";
				PRODUCT_NAME = "$(TARGET_NAME)";
				SWIFT_VERSION = 3.0;
			};
			name = Debug;
		};
		B2EA05191F9E92D4004498DF /* Release */ = {
			isa = XCBuildConfiguration;
			buildSettings = {
				ASSETCATALOG_COMPILER_APPICON_NAME = AppIcon;
				INFOPLIST_FILE = "What is the Weather/Info.plist";
				LD_RUNPATH_SEARCH_PATHS = "$(inherited) @executable_path/Frameworks";
				PRODUCT_BUNDLE_IDENTIFIER = "com.-tripleapp.What-is-the-Weather";
				PRODUCT_NAME = "$(TARGET_NAME)";
				SWIFT_VERSION = 3.0;
			};
			name = Release;
		};
/* End XCBuildConfiguration section */

/* Begin XCConfigurationList section */
		B2EA05001F9E92D3004498DF /* Build configuration list for PBXProject "What is the Weather" */ = {
			isa = XCConfigurationList;
			buildConfigurations = (
				B2EA05151F9E92D4004498DF /* Debug */,
				B2EA05161F9E92D4004498DF /* Release */,
			);
			defaultConfigurationIsVisible = 0;
			defaultConfigurationName = Release;
		};
		B2EA05171F9E92D4004498DF /* Build configuration list for PBXNativeTarget "What is the Weather" */ = {
			isa = XCConfigurationList;
			buildConfigurations = (
				B2EA05181F9E92D4004498DF /* Debug */,
				B2EA05191F9E92D4004498DF /* Release */,
			);
			defaultConfigurationIsVisible = 0;
		};
/* End XCConfigurationList section */
	};
	rootObject = B2EA04FD1F9E92D3004498DF /* Project object */;
}
